{
  "name": "agent-docs-qa-example",
  "version": "0.0.0",
  "lockfileVersion": 3,
  "requires": true,
  "packages": {
    "": {
      "name": "agent-docs-qa-example",
      "version": "0.0.0",
      "dependencies": {
        "opencc-js": "^1.3.1"
      }
    },
    "node_modules/opencc-js": {
      "version": "1.3.1",
      "resolved": "https://registry.npmjs.org/opencc-js/-/opencc-js-1.3.1.tgz",
      "integrity": "sha512-EyKDnjHNYlxo3Blll0OGH5qcyZBI3YmXpqeDEity/db50A5TFfCdvylrBlTyx1XvlSRUmh2a5AHvSf89h4u87Q==",
      "license": "MIT"
    }
  }
}
